
Microsoft Visual Studio Solution File, Format Version 12.00
# Visual Studio Version 16
VisualStudioVersion = 16.0.32126.315
MinimumVisualStudioVersion = 10.0.40219.1
Project("{FAE04EC0-301F-11D3-BF4B-00C04F79EFBC}") = "CS464_F_NguyenHuuTri_5264", "CS464_F_NguyenHuuTri_5264.csproj", "{4331B9EB-1FFD-4F5C-A66A-DC362D0BC54E}"
EndProject
Global
	GlobalSection(SolutionConfigurationPlatforms) = preSolution
		Debug|Any CPU = Debug|Any CPU
		Release|Any CPU = Release|Any CPU
	EndGlobalSection
	GlobalSection(ProjectConfigurationPlatforms) = postSolution
		{4331B9EB-1FFD-4F5C-A66A-DC362D0BC54E}.Debug|Any CPU.ActiveCfg = Debug|Any CPU
		{4331B9EB-1FFD-4F5C-A66A-DC362D0BC54E}.Debug|Any CPU.Build.0 = Debug|Any CPU
		{4331B9EB-1FFD-4F5C-A66A-DC362D0BC54E}.Release|Any CPU.ActiveCfg = Release|Any CPU
		{4331B9EB-1FFD-4F5C-A66A-DC362D0BC54E}.Release|Any CPU.Build.0 = Release|Any CPU
	EndGlobalSection
	GlobalSection(SolutionProperties) = preSolution
		HideSolutionNode = FALSE
	EndGlobalSection
	GlobalSection(ExtensibilityGlobals) = postSolution
		SolutionGuid = {3420CCA9-AC04-48CA-97BD-83572738A100}
	EndGlobalSection
EndGlobal
